<?xml version="1.0" encoding="utf-8"?>
<Project ToolsVersion="4.0" xmlns="http://schemas.microsoft.com/developer/msbuild/2003">
  <ItemGroup>
    <Filter Include="소스 파일">
      <UniqueIdentifier>{4FC737F1-C7A5-4376-A066-2A32D752A2FF}</UniqueIdentifier>
      <Extensions>cpp;c;cc;cxx;c++;cppm;ixx;def;odl;idl;hpj;bat;asm;asmx</Extensions>
    </Filter>
    <Filter Include="헤더 파일">
      <UniqueIdentifier>{93995380-89BD-4b04-88EB-625FBE52EBFB}</UniqueIdentifier>
      <Extensions>h;hh;hpp;hxx;h++;hm;inl;inc;ipp;xsd</Extensions>
    </Filter>
    <Filter Include="리소스 파일">
      <UniqueIdentifier>{67DA6AB6-F800-4c08-8B7A-83BB121AAD01}</UniqueIdentifier>
      <Extensions>rc;ico;cur;bmp;dlg;rc2;rct;bin;rgs;gif;jpg;jpeg;jpe;resx;tiff;tif;png;wav;mfcribbon-ms</Extensions>
    </Filter>
    <Filter Include="헤더 파일\Engine">
      <UniqueIdentifier>{6ca70b0c-687d-4ed4-b010-3c9bd12af57b}</UniqueIdentifier>
    </Filter>
    <Filter Include="헤더 파일\Engine\Component">
      <UniqueIdentifier>{d09b2042-a37c-458c-a551-ee537174c63d}</UniqueIdentifier>
    </Filter>
    <Filter Include="헤더 파일\Engine\ImWindow">
      <UniqueIdentifier>{fc485e21-2a75-49ab-9a7d-06300cf4a3b7}</UniqueIdentifier>
    </Filter>
    <Filter Include="헤더 파일\Engine\Core">
      <UniqueIdentifier>{12113435-a77c-4b5e-8043-e4b509b54562}</UniqueIdentifier>
    </Filter>
    <Filter Include="헤더 파일\User">
      <UniqueIdentifier>{5c2c7932-7f1f-4591-a260-0565faa96097}</UniqueIdentifier>
    </Filter>
    <Filter Include="헤더 파일\User\Components">
      <UniqueIdentifier>{55f24f13-969b-424e-9f75-5d1b67ce22a5}</UniqueIdentifier>
    </Filter>
    <Filter Include="헤더 파일\User\ImWindows">
      <UniqueIdentifier>{6243337c-2cca-42f9-86dd-6186d8d0f857}</UniqueIdentifier>
    </Filter>
    <Filter Include="src">
      <UniqueIdentifier>{de3f6a06-b513-463d-b84f-3934f2731d65}</UniqueIdentifier>
    </Filter>
    <Filter Include="src\includes">
      <UniqueIdentifier>{87648d19-2962-4107-b1ea-e18177cf0c53}</UniqueIdentifier>
    </Filter>
    <Filter Include="src\visualizer">
      <UniqueIdentifier>{e2d827b3-a2b4-4be0-92dd-d12475f5b834}</UniqueIdentifier>
    </Filter>
    <Filter Include="src\visualizer\engine">
      <UniqueIdentifier>{2f2bc9fa-acdc-4515-bda2-f3cd71013fb0}</UniqueIdentifier>
    </Filter>
    <Filter Include="src\visualizer\user">
      <UniqueIdentifier>{65d514ce-a1e5-478c-9471-9617e5889676}</UniqueIdentifier>
    </Filter>
    <Filter Include="src\pathfind">
      <UniqueIdentifier>{53d44a2d-6d27-4376-929c-2358517ff690}</UniqueIdentifier>
    </Filter>
    <Filter Include="src\visualizer\engine\utils">
      <UniqueIdentifier>{b13d6ef9-5f2b-4904-aa27-8ce75ccdce45}</UniqueIdentifier>
    </Filter>
    <Filter Include="src\visualizer\engine\component">
      <UniqueIdentifier>{28d6e13b-4dec-4e38-9ab9-fe4b5548434c}</UniqueIdentifier>
    </Filter>
    <Filter Include="src\visualizer\engine\core">
      <UniqueIdentifier>{f589b6eb-fda3-453e-9e39-14a4545fe44f}</UniqueIdentifier>
    </Filter>
    <Filter Include="src\visualizer\engine\imWindow">
      <UniqueIdentifier>{0a4e0b5e-96cd-4a26-a47d-01e30df31855}</UniqueIdentifier>
    </Filter>
    <Filter Include="src\visualizer\user\components">
      <UniqueIdentifier>{8bb5d6a7-a508-4b98-85ee-35adc1b7b27b}</UniqueIdentifier>
    </Filter>
    <Filter Include="src\visualizer\user\imWindows">
      <UniqueIdentifier>{10b67397-1b43-44c1-a681-cfd298e7f957}</UniqueIdentifier>
    </Filter>
  </ItemGroup>
  <ItemGroup>
    <ClCompile Include="src\CHelloWorldText.cpp">
      <Filter>src\visualizer\user\components</Filter>
    </ClCompile>
    <ClCompile Include="src\Component.cpp">
      <Filter>src\visualizer\engine\component</Filter>
    </ClCompile>
    <ClCompile Include="src\Core.cpp">
      <Filter>src\visualizer\engine\core</Filter>
    </ClCompile>
    <ClCompile Include="src\CTestCanvas.cpp">
      <Filter>src\visualizer\user\components</Filter>
    </ClCompile>
    <ClCompile Include="src\ImGuiBuild.cpp">
      <Filter>src\visualizer\engine</Filter>
    </ClCompile>
    <ClCompile Include="src\ImWindow.cpp">
      <Filter>src\visualizer\engine\imWindow</Filter>
    </ClCompile>
    <ClCompile Include="src\main.cpp">
      <Filter>src</Filter>
    </ClCompile>
    <ClCompile Include="src\WCanvas.cpp">
      <Filter>src\visualizer\user\imWindows</Filter>
    </ClCompile>
    <ClCompile Include="src\WHelloWorld.cpp">
      <Filter>src\visualizer\user\imWindows</Filter>
    </ClCompile>
    <ClCompile Include="src\CCanvas.cpp">
      <Filter>src\visualizer\user\components</Filter>
    </ClCompile>
    <ClCompile Include="src\WDelaunayTestbed.cpp">
      <Filter>src\visualizer\user\imWindows</Filter>
    </ClCompile>
    <ClCompile Include="src\CDelaunayCanvas.cpp">
      <Filter>src\visualizer\user\components</Filter>
    </ClCompile>
  </ItemGroup>
  <ItemGroup>
    <ClInclude Include="src\CHelloWorldText.h">
      <Filter>src\visualizer\user\components</Filter>
    </ClInclude>
    <ClInclude Include="src\Component.h">
      <Filter>src\visualizer\engine\component</Filter>
    </ClInclude>
    <ClInclude Include="src\Core.h">
      <Filter>src\visualizer\engine\core</Filter>
    </ClInclude>
    <ClInclude Include="src\CoreInitializer.h">
      <Filter>src\visualizer\engine\core</Filter>
    </ClInclude>
    <ClInclude Include="src\CTestCanvas.h">
      <Filter>src\visualizer\user\components</Filter>
    </ClInclude>
    <ClInclude Include="src\ImWindow.h">
      <Filter>src\visualizer\engine\imWindow</Filter>
    </ClInclude>
    <ClInclude Include="src\stdafx.h">
      <Filter>src</Filter>
    </ClInclude>
    <ClInclude Include="src\User.h">
      <Filter>src\visualizer\user</Filter>
    </ClInclude>
    <ClInclude Include="src\UserComponents.h">
      <Filter>src\visualizer\user\components</Filter>
    </ClInclude>
    <ClInclude Include="src\UserImWindows.h">
      <Filter>src\visualizer\user\imWindows</Filter>
    </ClInclude>
    <ClInclude Include="src\WCanvas.h">
      <Filter>src\visualizer\user\imWindows</Filter>
    </ClInclude>
    <ClInclude Include="src\WHelloWorld.h">
      <Filter>src\visualizer\user\imWindows</Filter>
    </ClInclude>
    <ClInclude Include="src\CCanvas.h">
      <Filter>src\visualizer\user\components</Filter>
    </ClInclude>
    <ClInclude Include="src\WDelaunayTestbed.h">
      <Filter>src\visualizer\user\imWindows</Filter>
    </ClInclude>
    <ClInclude Include="src\imgui_utils.h">
      <Filter>src\visualizer\engine\utils</Filter>
    </ClInclude>
    <ClInclude Include="src\imvec2_utils.h">
      <Filter>src\visualizer\engine\utils</Filter>
    </ClInclude>
    <ClInclude Include="src\CDelaunayCanvas.h">
      <Filter>src\visualizer\user\components</Filter>
    </ClInclude>
  </ItemGroup>
  <ItemGroup>
    <None Include="src\ImWindow.inl">
      <Filter>src\visualizer\engine\imWindow</Filter>
    </None>
  </ItemGroup>
</Project>